
Microsoft Visual Studio Solution File, Format Version 12.00
# Visual Studio 14
VisualStudioVersion = 14.0.23107.0
MinimumVisualStudioVersion = 10.0.40219.1
Project("{FAE04EC0-301F-11D3-BF4B-00C04F79EFBC}") = "LatticeObjectTree.NUnit", "LatticeObjectTree.NUnit\LatticeObjectTree.NUnit.csproj", "{3F4A658A-5D31-44D1-85A2-BE08CB2D82CF}"
EndProject
Project("{FAE04EC0-301F-11D3-BF4B-00C04F79EFBC}") = "LatticeObjectTree.NUnit.Tests", "LatticeObjectTree.NUnit.Tests\LatticeObjectTree.NUnit.Tests.csproj", "{0D39C29E-F99D-4560-960D-5401F4F03F30}"
EndProject
Project("{2150E333-8FDC-42A3-9474-1A3956D46DE8}") = "Solution Items", "Solution Items", "{7F7B774B-6692-43F0-AC6D-E5DF83247A8D}"
	ProjectSection(SolutionItems) = preProject
		appveyor.yml = appveyor.yml
		LICENSE = LICENSE
		README.md = README.md
	EndProjectSection
EndProject
Global
	GlobalSection(SolutionConfigurationPlatforms) = preSolution
		Debug|Any CPU = Debug|Any CPU
		Release|Any CPU = Release|Any CPU
	EndGlobalSection
	GlobalSection(ProjectConfigurationPlatforms) = postSolution
		{3F4A658A-5D31-44D1-85A2-BE08CB2D82CF}.Debug|Any CPU.ActiveCfg = Debug|Any CPU
		{3F4A658A-5D31-44D1-85A2-BE08CB2D82CF}.Debug|Any CPU.Build.0 = Debug|Any CPU
		{3F4A658A-5D31-44D1-85A2-BE08CB2D82CF}.Release|Any CPU.ActiveCfg = Release|Any CPU
		{3F4A658A-5D31-44D1-85A2-BE08CB2D82CF}.Release|Any CPU.Build.0 = Release|Any CPU
		{0D39C29E-F99D-4560-960D-5401F4F03F30}.Debug|Any CPU.ActiveCfg = Debug|Any CPU
		{0D39C29E-F99D-4560-960D-5401F4F03F30}.Debug|Any CPU.Build.0 = Debug|Any CPU
		{0D39C29E-F99D-4560-960D-5401F4F03F30}.Release|Any CPU.ActiveCfg = Release|Any CPU
		{0D39C29E-F99D-4560-960D-5401F4F03F30}.Release|Any CPU.Build.0 = Release|Any CPU
	EndGlobalSection
	GlobalSection(SolutionProperties) = preSolution
		HideSolutionNode = FALSE
	EndGlobalSection
EndGlobal
